
Microsoft Visual Studio Solution File, Format Version 12.00
# Visual Studio Version 16
VisualStudioVersion = 16.0.30621.155
MinimumVisualStudioVersion = 10.0.40219.1
Project("{FAE04EC0-301F-11D3-BF4B-00C04F79EFBC}") = "_FIBONACCI", "_FIBONACCI\_FIBONACCI.csproj", "{38856E65-8DF3-46FD-9536-3FF08FC6C2C1}"
EndProject
Global
	GlobalSection(SolutionConfigurationPlatforms) = preSolution
		Debug|Any CPU = Debug|Any CPU
		Release|Any CPU = Release|Any CPU
	EndGlobalSection
	GlobalSection(ProjectConfigurationPlatforms) = postSolution
		{38856E65-8DF3-46FD-9536-3FF08FC6C2C1}.Debug|Any CPU.ActiveCfg = Debug|Any CPU
		{38856E65-8DF3-46FD-9536-3FF08FC6C2C1}.Debug|Any CPU.Build.0 = Debug|Any CPU
		{38856E65-8DF3-46FD-9536-3FF08FC6C2C1}.Release|Any CPU.ActiveCfg = Release|Any CPU
		{38856E65-8DF3-46FD-9536-3FF08FC6C2C1}.Release|Any CPU.Build.0 = Release|Any CPU
	EndGlobalSection
	GlobalSection(SolutionProperties) = preSolution
		HideSolutionNode = FALSE
	EndGlobalSection
	GlobalSection(ExtensibilityGlobals) = postSolution
		SolutionGuid = {B2D27F1D-7C6B-4774-842F-75F8CEC2A3D4}
	EndGlobalSection
EndGlobal
