
Microsoft Visual Studio Solution File, Format Version 12.00
# Visual Studio Version 16
VisualStudioVersion = 16.0.30621.155
MinimumVisualStudioVersion = 10.0.40219.1
Project("{FAE04EC0-301F-11D3-BF4B-00C04F79EFBC}") = "_ROTIRE_MATRICE", "_ROTIRE_MATRICE\_ROTIRE_MATRICE.csproj", "{1BC03393-A10C-4E6F-BF7E-45F1569CD14F}"
EndProject
Global
	GlobalSection(SolutionConfigurationPlatforms) = preSolution
		Debug|Any CPU = Debug|Any CPU
		Release|Any CPU = Release|Any CPU
	EndGlobalSection
	GlobalSection(ProjectConfigurationPlatforms) = postSolution
		{1BC03393-A10C-4E6F-BF7E-45F1569CD14F}.Debug|Any CPU.ActiveCfg = Debug|Any CPU
		{1BC03393-A10C-4E6F-BF7E-45F1569CD14F}.Debug|Any CPU.Build.0 = Debug|Any CPU
		{1BC03393-A10C-4E6F-BF7E-45F1569CD14F}.Release|Any CPU.ActiveCfg = Release|Any CPU
		{1BC03393-A10C-4E6F-BF7E-45F1569CD14F}.Release|Any CPU.Build.0 = Release|Any CPU
	EndGlobalSection
	GlobalSection(SolutionProperties) = preSolution
		HideSolutionNode = FALSE
	EndGlobalSection
	GlobalSection(ExtensibilityGlobals) = postSolution
		SolutionGuid = {CD8C01D2-911D-49A3-893E-EFD5240EB564}
	EndGlobalSection
EndGlobal
