
Microsoft Visual Studio Solution File, Format Version 12.00
# Visual Studio Version 16
VisualStudioVersion = 16.0.30621.155
MinimumVisualStudioVersion = 10.0.40219.1
Project("{FAE04EC0-301F-11D3-BF4B-00C04F79EFBC}") = "Laborator_3", "Laborator_3\Laborator_3.csproj", "{21940EB7-D007-464D-A4CD-E48D5CADE5C5}"
EndProject
Global
	GlobalSection(SolutionConfigurationPlatforms) = preSolution
		Debug|Any CPU = Debug|Any CPU
		Release|Any CPU = Release|Any CPU
	EndGlobalSection
	GlobalSection(ProjectConfigurationPlatforms) = postSolution
		{21940EB7-D007-464D-A4CD-E48D5CADE5C5}.Debug|Any CPU.ActiveCfg = Debug|Any CPU
		{21940EB7-D007-464D-A4CD-E48D5CADE5C5}.Debug|Any CPU.Build.0 = Debug|Any CPU
		{21940EB7-D007-464D-A4CD-E48D5CADE5C5}.Release|Any CPU.ActiveCfg = Release|Any CPU
		{21940EB7-D007-464D-A4CD-E48D5CADE5C5}.Release|Any CPU.Build.0 = Release|Any CPU
	EndGlobalSection
	GlobalSection(SolutionProperties) = preSolution
		HideSolutionNode = FALSE
	EndGlobalSection
	GlobalSection(ExtensibilityGlobals) = postSolution
		SolutionGuid = {69BBFF2D-D045-4CCE-8758-DC51A3C8D5A9}
	EndGlobalSection
EndGlobal
