
Microsoft Visual Studio Solution File, Format Version 12.00
# Visual Studio Version 16
VisualStudioVersion = 16.0.30621.155
MinimumVisualStudioVersion = 10.0.40219.1
Project("{FAE04EC0-301F-11D3-BF4B-00C04F79EFBC}") = "_SUMA_RECURSIVA", "_SUMA_RECURSIVA\_SUMA_RECURSIVA.csproj", "{76D0A82A-0C39-42E4-8C6C-1E9731DF9FA9}"
EndProject
Global
	GlobalSection(SolutionConfigurationPlatforms) = preSolution
		Debug|Any CPU = Debug|Any CPU
		Release|Any CPU = Release|Any CPU
	EndGlobalSection
	GlobalSection(ProjectConfigurationPlatforms) = postSolution
		{76D0A82A-0C39-42E4-8C6C-1E9731DF9FA9}.Debug|Any CPU.ActiveCfg = Debug|Any CPU
		{76D0A82A-0C39-42E4-8C6C-1E9731DF9FA9}.Debug|Any CPU.Build.0 = Debug|Any CPU
		{76D0A82A-0C39-42E4-8C6C-1E9731DF9FA9}.Release|Any CPU.ActiveCfg = Release|Any CPU
		{76D0A82A-0C39-42E4-8C6C-1E9731DF9FA9}.Release|Any CPU.Build.0 = Release|Any CPU
	EndGlobalSection
	GlobalSection(SolutionProperties) = preSolution
		HideSolutionNode = FALSE
	EndGlobalSection
	GlobalSection(ExtensibilityGlobals) = postSolution
		SolutionGuid = {0669A9A3-9584-4643-8E81-D59647C220B0}
	EndGlobalSection
EndGlobal
