
Microsoft Visual Studio Solution File, Format Version 12.00
# Visual Studio Version 16
VisualStudioVersion = 16.0.30621.155
MinimumVisualStudioVersion = 10.0.40219.1
Project("{FAE04EC0-301F-11D3-BF4B-00C04F79EFBC}") = "JUMP_SEARCH", "JUMP_SEARCH\JUMP_SEARCH.csproj", "{CD7EB7DF-6036-4687-87E9-E05978E6B348}"
EndProject
Global
	GlobalSection(SolutionConfigurationPlatforms) = preSolution
		Debug|Any CPU = Debug|Any CPU
		Release|Any CPU = Release|Any CPU
	EndGlobalSection
	GlobalSection(ProjectConfigurationPlatforms) = postSolution
		{CD7EB7DF-6036-4687-87E9-E05978E6B348}.Debug|Any CPU.ActiveCfg = Debug|Any CPU
		{CD7EB7DF-6036-4687-87E9-E05978E6B348}.Debug|Any CPU.Build.0 = Debug|Any CPU
		{CD7EB7DF-6036-4687-87E9-E05978E6B348}.Release|Any CPU.ActiveCfg = Release|Any CPU
		{CD7EB7DF-6036-4687-87E9-E05978E6B348}.Release|Any CPU.Build.0 = Release|Any CPU
	EndGlobalSection
	GlobalSection(SolutionProperties) = preSolution
		HideSolutionNode = FALSE
	EndGlobalSection
	GlobalSection(ExtensibilityGlobals) = postSolution
		SolutionGuid = {F6533A24-C61C-4BC8-8CDC-7924000415E5}
	EndGlobalSection
EndGlobal
