
Microsoft Visual Studio Solution File, Format Version 12.00
# Visual Studio Version 16
VisualStudioVersion = 16.0.30621.155
MinimumVisualStudioVersion = 10.0.40219.1
Project("{FAE04EC0-301F-11D3-BF4B-00C04F79EFBC}") = "_INTERPOLARE", "_INTERPOLARE\_INTERPOLARE.csproj", "{8CF8CF4C-95FE-4E7E-814C-9810467B20DC}"
EndProject
Global
	GlobalSection(SolutionConfigurationPlatforms) = preSolution
		Debug|Any CPU = Debug|Any CPU
		Release|Any CPU = Release|Any CPU
	EndGlobalSection
	GlobalSection(ProjectConfigurationPlatforms) = postSolution
		{8CF8CF4C-95FE-4E7E-814C-9810467B20DC}.Debug|Any CPU.ActiveCfg = Debug|Any CPU
		{8CF8CF4C-95FE-4E7E-814C-9810467B20DC}.Debug|Any CPU.Build.0 = Debug|Any CPU
		{8CF8CF4C-95FE-4E7E-814C-9810467B20DC}.Release|Any CPU.ActiveCfg = Release|Any CPU
		{8CF8CF4C-95FE-4E7E-814C-9810467B20DC}.Release|Any CPU.Build.0 = Release|Any CPU
	EndGlobalSection
	GlobalSection(SolutionProperties) = preSolution
		HideSolutionNode = FALSE
	EndGlobalSection
	GlobalSection(ExtensibilityGlobals) = postSolution
		SolutionGuid = {C8F4E213-72E0-4EDC-8901-A92E75B80896}
	EndGlobalSection
EndGlobal
